{
    "_readme": [
        "This file locks the dependencies of your project to a known state",
        "Read more about it at https://getcomposer.org/doc/01-basic-usage.md#installing-dependencies",
        "This file is @generated automatically"
    ],
    "content-hash": "6458f3d68afc0fa87c7bd91a89176019",
    "packages": [
        {
            "name": "wpmetabox/support",
            "version": "dev-master",
            "source": {
                "type": "git",
                "url": "https://github.com/wpmetabox/support.git",
                "reference": "874318ec497ce7fb918eb0629dec825210155d97"
            },
            "dist": {
                "type": "zip",
                "url": "https://api.github.com/repos/wpmetabox/support/zipball/874318ec497ce7fb918eb0629dec825210155d97",
                "reference": "874318ec497ce7fb918eb0629dec825210155d97",
                "shasum": ""
            },
            "default-branch": true,
            "type": "library",
            "autoload": {
                "psr-4": {
                    "MetaBox\\Support\\": ""
                }
            },
            "notification-url": "https://packagist.org/downloads/",
            "license": [
                "GPL-2.0-or-later"
            ],
            "description": "Helpers for Meta Box plugins",
            "homepage": "https://metabox.io",
            "support": {
                "issues": "https://github.com/wpmetabox/support/issues",
                "source": "https://github.com/wpmetabox/support/tree/master"
            },
            "time": "2025-03-17T08:34:51+00:00"
        }
    ],
    "packages-dev": [],
    "aliases": [],
    "minimum-stability": "stable",
    "stability-flags": {
        "wpmetabox/support": 20
    },
    "prefer-stable": false,
    "prefer-lowest": false,
    "platform": {},
    "platform-dev": {},
    "plugin-api-version": "2.6.0"
}
